
Microsoft Visual Studio Solution File, Format Version 12.00
# Visual Studio Version 16
VisualStudioVersion = 16.0.29326.143
MinimumVisualStudioVersion = 10.0.40219.1
Project("{FAE04EC0-301F-11D3-BF4B-00C04F79EFBC}") = "BinarySearch", "BinarySearch\BinarySearch.csproj", "{42ECFF22-36EF-49F2-A518-866BE9D66E22}"
EndProject
Global
	GlobalSection(SolutionConfigurationPlatforms) = preSolution
		Debug|Any CPU = Debug|Any CPU
		Release|Any CPU = Release|Any CPU
	EndGlobalSection
	GlobalSection(ProjectConfigurationPlatforms) = postSolution
		{42ECFF22-36EF-49F2-A518-866BE9D66E22}.Debug|Any CPU.ActiveCfg = Debug|Any CPU
		{42ECFF22-36EF-49F2-A518-866BE9D66E22}.Debug|Any CPU.Build.0 = Debug|Any CPU
		{42ECFF22-36EF-49F2-A518-866BE9D66E22}.Release|Any CPU.ActiveCfg = Release|Any CPU
		{42ECFF22-36EF-49F2-A518-866BE9D66E22}.Release|Any CPU.Build.0 = Release|Any CPU
	EndGlobalSection
	GlobalSection(SolutionProperties) = preSolution
		HideSolutionNode = FALSE
	EndGlobalSection
	GlobalSection(ExtensibilityGlobals) = postSolution
		SolutionGuid = {DC1D50BA-D89D-479A-AA16-FDA2B45EB308}
	EndGlobalSection
EndGlobal
