
Microsoft Visual Studio Solution File, Format Version 12.00
# Visual Studio Version 16
VisualStudioVersion = 16.0.29326.143
MinimumVisualStudioVersion = 10.0.40219.1
Project("{FAE04EC0-301F-11D3-BF4B-00C04F79EFBC}") = "LeftJoinHashtables", "LeftJoinHashtables\LeftJoinHashtables.csproj", "{B03A8351-D1AC-4349-A702-C3CE2EF2B9BF}"
EndProject
Project("{FAE04EC0-301F-11D3-BF4B-00C04F79EFBC}") = "LeftJoinTests", "LeftJoinTests\LeftJoinTests.csproj", "{843E3238-7A5F-4D5F-BBDD-DA758FBB595F}"
EndProject
Global
	GlobalSection(SolutionConfigurationPlatforms) = preSolution
		Debug|Any CPU = Debug|Any CPU
		Release|Any CPU = Release|Any CPU
	EndGlobalSection
	GlobalSection(ProjectConfigurationPlatforms) = postSolution
		{B03A8351-D1AC-4349-A702-C3CE2EF2B9BF}.Debug|Any CPU.ActiveCfg = Debug|Any CPU
		{B03A8351-D1AC-4349-A702-C3CE2EF2B9BF}.Debug|Any CPU.Build.0 = Debug|Any CPU
		{B03A8351-D1AC-4349-A702-C3CE2EF2B9BF}.Release|Any CPU.ActiveCfg = Release|Any CPU
		{B03A8351-D1AC-4349-A702-C3CE2EF2B9BF}.Release|Any CPU.Build.0 = Release|Any CPU
		{843E3238-7A5F-4D5F-BBDD-DA758FBB595F}.Debug|Any CPU.ActiveCfg = Debug|Any CPU
		{843E3238-7A5F-4D5F-BBDD-DA758FBB595F}.Debug|Any CPU.Build.0 = Debug|Any CPU
		{843E3238-7A5F-4D5F-BBDD-DA758FBB595F}.Release|Any CPU.ActiveCfg = Release|Any CPU
		{843E3238-7A5F-4D5F-BBDD-DA758FBB595F}.Release|Any CPU.Build.0 = Release|Any CPU
	EndGlobalSection
	GlobalSection(SolutionProperties) = preSolution
		HideSolutionNode = FALSE
	EndGlobalSection
	GlobalSection(ExtensibilityGlobals) = postSolution
		SolutionGuid = {4502C5EF-ACF2-4CBA-9D0A-0874C1DB6F9F}
	EndGlobalSection
EndGlobal
