
Microsoft Visual Studio Solution File, Format Version 12.00
# Visual Studio Version 16
VisualStudioVersion = 16.0.29326.143
MinimumVisualStudioVersion = 10.0.40219.1
Project("{9A19103F-16F7-4668-BE54-9A1E7A4F7556}") = "QueueWithStacks", "QueueWithStacks\QueueWithStacks.csproj", "{6ED03C15-0198-48F6-AFD4-9C2EE7643271}"
EndProject
Project("{FAE04EC0-301F-11D3-BF4B-00C04F79EFBC}") = "QueueWithStacksTests", "QueueWithStacksTests\QueueWithStacksTests.csproj", "{6929C985-E4AE-4220-A8A0-143F3C56285A}"
EndProject
Global
	GlobalSection(SolutionConfigurationPlatforms) = preSolution
		Debug|Any CPU = Debug|Any CPU
		Release|Any CPU = Release|Any CPU
	EndGlobalSection
	GlobalSection(ProjectConfigurationPlatforms) = postSolution
		{6ED03C15-0198-48F6-AFD4-9C2EE7643271}.Debug|Any CPU.ActiveCfg = Debug|Any CPU
		{6ED03C15-0198-48F6-AFD4-9C2EE7643271}.Debug|Any CPU.Build.0 = Debug|Any CPU
		{6ED03C15-0198-48F6-AFD4-9C2EE7643271}.Release|Any CPU.ActiveCfg = Release|Any CPU
		{6ED03C15-0198-48F6-AFD4-9C2EE7643271}.Release|Any CPU.Build.0 = Release|Any CPU
		{6929C985-E4AE-4220-A8A0-143F3C56285A}.Debug|Any CPU.ActiveCfg = Debug|Any CPU
		{6929C985-E4AE-4220-A8A0-143F3C56285A}.Debug|Any CPU.Build.0 = Debug|Any CPU
		{6929C985-E4AE-4220-A8A0-143F3C56285A}.Release|Any CPU.ActiveCfg = Release|Any CPU
		{6929C985-E4AE-4220-A8A0-143F3C56285A}.Release|Any CPU.Build.0 = Release|Any CPU
	EndGlobalSection
	GlobalSection(SolutionProperties) = preSolution
		HideSolutionNode = FALSE
	EndGlobalSection
	GlobalSection(ExtensibilityGlobals) = postSolution
		SolutionGuid = {06C63ECF-5837-4DCD-B5A1-D4B7BEC4034D}
	EndGlobalSection
EndGlobal
