
Microsoft Visual Studio Solution File, Format Version 12.00
# Visual Studio Version 16
VisualStudioVersion = 16.0.29326.143
MinimumVisualStudioVersion = 10.0.40219.1
Project("{FAE04EC0-301F-11D3-BF4B-00C04F79EFBC}") = "InsertionSort", "InsertionSort\InsertionSort.csproj", "{718FBF2B-4A68-4322-944A-1279F3510830}"
EndProject
Project("{FAE04EC0-301F-11D3-BF4B-00C04F79EFBC}") = "InsertionSortTests", "InsertionSortTests\InsertionSortTests.csproj", "{B324BCBA-A679-4337-A72B-C05029DC7C4D}"
EndProject
Global
	GlobalSection(SolutionConfigurationPlatforms) = preSolution
		Debug|Any CPU = Debug|Any CPU
		Release|Any CPU = Release|Any CPU
	EndGlobalSection
	GlobalSection(ProjectConfigurationPlatforms) = postSolution
		{718FBF2B-4A68-4322-944A-1279F3510830}.Debug|Any CPU.ActiveCfg = Debug|Any CPU
		{718FBF2B-4A68-4322-944A-1279F3510830}.Debug|Any CPU.Build.0 = Debug|Any CPU
		{718FBF2B-4A68-4322-944A-1279F3510830}.Release|Any CPU.ActiveCfg = Release|Any CPU
		{718FBF2B-4A68-4322-944A-1279F3510830}.Release|Any CPU.Build.0 = Release|Any CPU
		{B324BCBA-A679-4337-A72B-C05029DC7C4D}.Debug|Any CPU.ActiveCfg = Debug|Any CPU
		{B324BCBA-A679-4337-A72B-C05029DC7C4D}.Debug|Any CPU.Build.0 = Debug|Any CPU
		{B324BCBA-A679-4337-A72B-C05029DC7C4D}.Release|Any CPU.ActiveCfg = Release|Any CPU
		{B324BCBA-A679-4337-A72B-C05029DC7C4D}.Release|Any CPU.Build.0 = Release|Any CPU
	EndGlobalSection
	GlobalSection(SolutionProperties) = preSolution
		HideSolutionNode = FALSE
	EndGlobalSection
	GlobalSection(ExtensibilityGlobals) = postSolution
		SolutionGuid = {5A068BA7-E90E-4CF8-9C62-117D4E56AC6B}
	EndGlobalSection
EndGlobal
